
Microsoft Visual Studio Solution File, Format Version 12.00
# Visual Studio Version 16
VisualStudioVersion = 16.0.31605.320
MinimumVisualStudioVersion = 10.0.40219.1
Project("{FAE04EC0-301F-11D3-BF4B-00C04F79EFBC}") = "Scope", "Scope\Scope.csproj", "{29792862-02F0-4643-93D0-6DF900FD7DDA}"
EndProject
Global
	GlobalSection(SolutionConfigurationPlatforms) = preSolution
		Debug|Any CPU = Debug|Any CPU
		Release|Any CPU = Release|Any CPU
	EndGlobalSection
	GlobalSection(ProjectConfigurationPlatforms) = postSolution
		{29792862-02F0-4643-93D0-6DF900FD7DDA}.Debug|Any CPU.ActiveCfg = Debug|Any CPU
		{29792862-02F0-4643-93D0-6DF900FD7DDA}.Debug|Any CPU.Build.0 = Debug|Any CPU
		{29792862-02F0-4643-93D0-6DF900FD7DDA}.Release|Any CPU.ActiveCfg = Release|Any CPU
		{29792862-02F0-4643-93D0-6DF900FD7DDA}.Release|Any CPU.Build.0 = Release|Any CPU
	EndGlobalSection
	GlobalSection(SolutionProperties) = preSolution
		HideSolutionNode = FALSE
	EndGlobalSection
	GlobalSection(ExtensibilityGlobals) = postSolution
		SolutionGuid = {DC343146-D1ED-4F5B-8467-C189993FD872}
	EndGlobalSection
EndGlobal
